PODS:
  - FMDB (2.7.5):
    - FMDB/standard (= 2.7.5)
  - FMDB/standard (2.7.5)
  - FMDBDataTable (2.2):
    - FMDB (~> 2.5)
  - KSRefresh (0.4.1)
  - Masonry (1.1.0)
  - MBProgressHUD (1.1.0)

DEPENDENCIES:
  - FMDBDataTable
  - KSRefresh
  - Masonry
  - MBProgressHUD

SPEC REPOS:
  https://github.com/cocoapods/specs.git:
    - FMDB
    - FMDBDataTable
    - KSRefresh
    - Masonry
    - MBProgressHUD

SPEC CHECKSUMS:
  FMDB: 2ce00b547f966261cd18927a3ddb07cb6f3db82a
  FMDBDataTable: 1dccb4366139ac5e76b4d49ed579478385ed6828
  KSRefresh: 90680431147d3b25fdc658cfa9d85c47bd963934
  Masonry: 678fab65091a9290e40e2832a55e7ab731aad201
  MBProgressHUD: e7baa36a220447d8aeb12769bf0585582f3866d9

PODFILE CHECKSUM: 9e5708032e597b7d8712b2034ae32e7bfe9c4997

COCOAPODS: 1.7.5
